
Microsoft Visual Studio Solution File, Format Version 12.00
# Visual Studio Version 17
VisualStudioVersion = 17.11.35327.3
MinimumVisualStudioVersion = 10.0.40219.1
Project("{FAE04EC0-301F-11D3-BF4B-00C04F79EFBC}") = "Ex014", "Ex014.csproj", "{BBCB0512-4630-4AED-9853-ADACEA6A5399}"
EndProject
Global
	GlobalSection(SolutionConfigurationPlatforms) = preSolution
		Debug|Any CPU = Debug|Any CPU
		Release|Any CPU = Release|Any CPU
	EndGlobalSection
	GlobalSection(ProjectConfigurationPlatforms) = postSolution
		{BBCB0512-4630-4AED-9853-ADACEA6A5399}.Debug|Any CPU.ActiveCfg = Debug|Any CPU
		{BBCB0512-4630-4AED-9853-ADACEA6A5399}.Debug|Any CPU.Build.0 = Debug|Any CPU
		{BBCB0512-4630-4AED-9853-ADACEA6A5399}.Release|Any CPU.ActiveCfg = Release|Any CPU
		{BBCB0512-4630-4AED-9853-ADACEA6A5399}.Release|Any CPU.Build.0 = Release|Any CPU
	EndGlobalSection
	GlobalSection(SolutionProperties) = preSolution
		HideSolutionNode = FALSE
	EndGlobalSection
	GlobalSection(ExtensibilityGlobals) = postSolution
		SolutionGuid = {039664D5-F882-4F7C-9368-BB0E9D725BF4}
	EndGlobalSection
EndGlobal
