
Microsoft Visual Studio Solution File, Format Version 12.00
# Visual Studio Version 17
VisualStudioVersion = 17.11.35327.3
MinimumVisualStudioVersion = 10.0.40219.1
Project("{FAE04EC0-301F-11D3-BF4B-00C04F79EFBC}") = "Ex004_1", "Ex004_1.csproj", "{C0ECA718-E6FC-4FBA-A4D8-FD0CBE33D3C7}"
EndProject
Global
	GlobalSection(SolutionConfigurationPlatforms) = preSolution
		Debug|Any CPU = Debug|Any CPU
		Release|Any CPU = Release|Any CPU
	EndGlobalSection
	GlobalSection(ProjectConfigurationPlatforms) = postSolution
		{C0ECA718-E6FC-4FBA-A4D8-FD0CBE33D3C7}.Debug|Any CPU.ActiveCfg = Debug|Any CPU
		{C0ECA718-E6FC-4FBA-A4D8-FD0CBE33D3C7}.Debug|Any CPU.Build.0 = Debug|Any CPU
		{C0ECA718-E6FC-4FBA-A4D8-FD0CBE33D3C7}.Release|Any CPU.ActiveCfg = Release|Any CPU
		{C0ECA718-E6FC-4FBA-A4D8-FD0CBE33D3C7}.Release|Any CPU.Build.0 = Release|Any CPU
	EndGlobalSection
	GlobalSection(SolutionProperties) = preSolution
		HideSolutionNode = FALSE
	EndGlobalSection
	GlobalSection(ExtensibilityGlobals) = postSolution
		SolutionGuid = {AC411943-DE28-4B95-8F63-816D38CB0AF3}
	EndGlobalSection
EndGlobal
