
Microsoft Visual Studio Solution File, Format Version 12.00
# Visual Studio Version 17
VisualStudioVersion = 17.11.35327.3
MinimumVisualStudioVersion = 10.0.40219.1
Project("{FAE04EC0-301F-11D3-BF4B-00C04F79EFBC}") = "Ex021", "Ex021.csproj", "{67CD1D6B-1400-4F63-B5EE-D18E2E0CA622}"
EndProject
Global
	GlobalSection(SolutionConfigurationPlatforms) = preSolution
		Debug|Any CPU = Debug|Any CPU
		Release|Any CPU = Release|Any CPU
	EndGlobalSection
	GlobalSection(ProjectConfigurationPlatforms) = postSolution
		{67CD1D6B-1400-4F63-B5EE-D18E2E0CA622}.Debug|Any CPU.ActiveCfg = Debug|Any CPU
		{67CD1D6B-1400-4F63-B5EE-D18E2E0CA622}.Debug|Any CPU.Build.0 = Debug|Any CPU
		{67CD1D6B-1400-4F63-B5EE-D18E2E0CA622}.Release|Any CPU.ActiveCfg = Release|Any CPU
		{67CD1D6B-1400-4F63-B5EE-D18E2E0CA622}.Release|Any CPU.Build.0 = Release|Any CPU
	EndGlobalSection
	GlobalSection(SolutionProperties) = preSolution
		HideSolutionNode = FALSE
	EndGlobalSection
	GlobalSection(ExtensibilityGlobals) = postSolution
		SolutionGuid = {69D1635D-3AF1-4408-A31D-DF494A1C0E63}
	EndGlobalSection
EndGlobal
