
Microsoft Visual Studio Solution File, Format Version 12.00
# Visual Studio Version 17
VisualStudioVersion = 17.11.35327.3
MinimumVisualStudioVersion = 10.0.40219.1
Project("{FAE04EC0-301F-11D3-BF4B-00C04F79EFBC}") = "Ex011", "Ex011.csproj", "{2D5A3B5B-A552-4BFF-8453-252112827F6D}"
EndProject
Global
	GlobalSection(SolutionConfigurationPlatforms) = preSolution
		Debug|Any CPU = Debug|Any CPU
		Release|Any CPU = Release|Any CPU
	EndGlobalSection
	GlobalSection(ProjectConfigurationPlatforms) = postSolution
		{2D5A3B5B-A552-4BFF-8453-252112827F6D}.Debug|Any CPU.ActiveCfg = Debug|Any CPU
		{2D5A3B5B-A552-4BFF-8453-252112827F6D}.Debug|Any CPU.Build.0 = Debug|Any CPU
		{2D5A3B5B-A552-4BFF-8453-252112827F6D}.Release|Any CPU.ActiveCfg = Release|Any CPU
		{2D5A3B5B-A552-4BFF-8453-252112827F6D}.Release|Any CPU.Build.0 = Release|Any CPU
	EndGlobalSection
	GlobalSection(SolutionProperties) = preSolution
		HideSolutionNode = FALSE
	EndGlobalSection
	GlobalSection(ExtensibilityGlobals) = postSolution
		SolutionGuid = {E13547DB-90CC-48E1-9EE7-D1B707EA92D5}
	EndGlobalSection
EndGlobal
