
Microsoft Visual Studio Solution File, Format Version 12.00
# Visual Studio Version 17
VisualStudioVersion = 17.11.35327.3
MinimumVisualStudioVersion = 10.0.40219.1
Project("{FAE04EC0-301F-11D3-BF4B-00C04F79EFBC}") = "Contador", "Contador.csproj", "{E7C659FF-ED2D-4545-8287-4E46FA2C3C62}"
EndProject
Global
	GlobalSection(SolutionConfigurationPlatforms) = preSolution
		Debug|Any CPU = Debug|Any CPU
		Release|Any CPU = Release|Any CPU
	EndGlobalSection
	GlobalSection(ProjectConfigurationPlatforms) = postSolution
		{E7C659FF-ED2D-4545-8287-4E46FA2C3C62}.Debug|Any CPU.ActiveCfg = Debug|Any CPU
		{E7C659FF-ED2D-4545-8287-4E46FA2C3C62}.Debug|Any CPU.Build.0 = Debug|Any CPU
		{E7C659FF-ED2D-4545-8287-4E46FA2C3C62}.Release|Any CPU.ActiveCfg = Release|Any CPU
		{E7C659FF-ED2D-4545-8287-4E46FA2C3C62}.Release|Any CPU.Build.0 = Release|Any CPU
	EndGlobalSection
	GlobalSection(SolutionProperties) = preSolution
		HideSolutionNode = FALSE
	EndGlobalSection
	GlobalSection(ExtensibilityGlobals) = postSolution
		SolutionGuid = {043FE271-9A82-4C92-89CB-5097D96C8F89}
	EndGlobalSection
EndGlobal
