
Microsoft Visual Studio Solution File, Format Version 12.00
# Visual Studio Version 17
VisualStudioVersion = 17.11.35327.3
MinimumVisualStudioVersion = 10.0.40219.1
Project("{FAE04EC0-301F-11D3-BF4B-00C04F79EFBC}") = "Ex003", "Ex003.csproj", "{FB1BAB17-5713-4838-B0A7-F77FF398FA77}"
EndProject
Global
	GlobalSection(SolutionConfigurationPlatforms) = preSolution
		Debug|Any CPU = Debug|Any CPU
		Release|Any CPU = Release|Any CPU
	EndGlobalSection
	GlobalSection(ProjectConfigurationPlatforms) = postSolution
		{FB1BAB17-5713-4838-B0A7-F77FF398FA77}.Debug|Any CPU.ActiveCfg = Debug|Any CPU
		{FB1BAB17-5713-4838-B0A7-F77FF398FA77}.Debug|Any CPU.Build.0 = Debug|Any CPU
		{FB1BAB17-5713-4838-B0A7-F77FF398FA77}.Release|Any CPU.ActiveCfg = Release|Any CPU
		{FB1BAB17-5713-4838-B0A7-F77FF398FA77}.Release|Any CPU.Build.0 = Release|Any CPU
	EndGlobalSection
	GlobalSection(SolutionProperties) = preSolution
		HideSolutionNode = FALSE
	EndGlobalSection
	GlobalSection(ExtensibilityGlobals) = postSolution
		SolutionGuid = {5E8744E9-2FED-4358-932F-0FD2B3E98620}
	EndGlobalSection
EndGlobal
