
Microsoft Visual Studio Solution File, Format Version 12.00
# Visual Studio Version 17
VisualStudioVersion = 17.11.35327.3
MinimumVisualStudioVersion = 10.0.40219.1
Project("{FAE04EC0-301F-11D3-BF4B-00C04F79EFBC}") = "Vetor", "Vetor.csproj", "{62F432D9-3C58-4E41-8980-CB14AFB6159A}"
EndProject
Global
	GlobalSection(SolutionConfigurationPlatforms) = preSolution
		Debug|Any CPU = Debug|Any CPU
		Release|Any CPU = Release|Any CPU
	EndGlobalSection
	GlobalSection(ProjectConfigurationPlatforms) = postSolution
		{62F432D9-3C58-4E41-8980-CB14AFB6159A}.Debug|Any CPU.ActiveCfg = Debug|Any CPU
		{62F432D9-3C58-4E41-8980-CB14AFB6159A}.Debug|Any CPU.Build.0 = Debug|Any CPU
		{62F432D9-3C58-4E41-8980-CB14AFB6159A}.Release|Any CPU.ActiveCfg = Release|Any CPU
		{62F432D9-3C58-4E41-8980-CB14AFB6159A}.Release|Any CPU.Build.0 = Release|Any CPU
	EndGlobalSection
	GlobalSection(SolutionProperties) = preSolution
		HideSolutionNode = FALSE
	EndGlobalSection
	GlobalSection(ExtensibilityGlobals) = postSolution
		SolutionGuid = {08C6C39E-4ADF-4264-BDAD-0C96864DD994}
	EndGlobalSection
EndGlobal
